{
  "version": 4,
  "terraform_version": "1.8.3",
  "serial": 4,
  "lineage": "4c0ffa3c-f668-eba8-6e68-ab27062b3b8f",
  "outputs": {},
  "resources": [
    {
      "mode": "managed",
      "type": "aws_ecr_repository",
      "name": "assignment_ecr",
      "provider": "provider[\"registry.terraform.io/hashicorp/aws\"]",
      "instances": [
        {
          "schema_version": 0,
          "attributes": {
            "arn": "arn:aws:ecr:us-east-1:767397741669:repository/assignment_ecr_repo",
            "encryption_configuration": [
              {
                "encryption_type": "AES256",
                "kms_key": ""
              }
            ],
            "force_delete": null,
            "id": "assignment_ecr_repo",
            "image_scanning_configuration": [
              {
                "scan_on_push": true
              }
            ],
            "image_tag_mutability": "MUTABLE",
            "name": "assignment_ecr_repo",
            "registry_id": "767397741669",
            "repository_url": "767397741669.dkr.ecr.us-east-1.amazonaws.com/assignment_ecr_repo",
            "tags": {
              "env": "dev",
              "name": "assignment_ecr_repo"
            },
            "tags_all": {
              "env": "dev",
              "name": "assignment_ecr_repo"
            },
            "timeouts": null
          },
          "sensitive_attributes": [],
          "private": "eyJlMmJmYjczMC1lY2FhLTExZTYtOGY4OC0zNDM2M2JjN2M0YzAiOnsiZGVsZXRlIjoxMjAwMDAwMDAwMDAwfX0="
        }
      ]
    }
  ],
  "check_results": null
}
